
Microsoft Visual Studio Solution File, Format Version 12.00
# Visual Studio Version 17
VisualStudioVersion = 17.14.36511.14 d17.14
MinimumVisualStudioVersion = 10.0.40219.1
Project("{FAE04EC0-301F-11D3-BF4B-00C04F79EFBC}") = "zadanie6.2", "zadanie6.2\zadanie6.2.csproj", "{0B1F2F6A-4E47-4BA6-A182-8A5B90AB2310}"
EndProject
Global
	GlobalSection(SolutionConfigurationPlatforms) = preSolution
		Debug|Any CPU = Debug|Any CPU
		Release|Any CPU = Release|Any CPU
	EndGlobalSection
	GlobalSection(ProjectConfigurationPlatforms) = postSolution
		{0B1F2F6A-4E47-4BA6-A182-8A5B90AB2310}.Debug|Any CPU.ActiveCfg = Debug|Any CPU
		{0B1F2F6A-4E47-4BA6-A182-8A5B90AB2310}.Debug|Any CPU.Build.0 = Debug|Any CPU
		{0B1F2F6A-4E47-4BA6-A182-8A5B90AB2310}.Release|Any CPU.ActiveCfg = Release|Any CPU
		{0B1F2F6A-4E47-4BA6-A182-8A5B90AB2310}.Release|Any CPU.Build.0 = Release|Any CPU
	EndGlobalSection
	GlobalSection(SolutionProperties) = preSolution
		HideSolutionNode = FALSE
	EndGlobalSection
	GlobalSection(ExtensibilityGlobals) = postSolution
		SolutionGuid = {3F4BDFD9-DFD8-463E-AF52-798D55030A1C}
	EndGlobalSection
EndGlobal
